
Microsoft Visual Studio Solution File, Format Version 12.00
# Visual Studio Version 16
VisualStudioVersion = 16.0.33529.622
MinimumVisualStudioVersion = 10.0.40219.1
Project("{FAE04EC0-301F-11D3-BF4B-00C04F79EFBC}") = "MonteroJustin Puzzle15", "MonteroJustin Puzzle15\MonteroJustin Puzzle15.csproj", "{62737180-AB0E-48CC-91A6-9189249FD776}"
EndProject
Global
	GlobalSection(SolutionConfigurationPlatforms) = preSolution
		Debug|Any CPU = Debug|Any CPU
		Release|Any CPU = Release|Any CPU
	EndGlobalSection
	GlobalSection(ProjectConfigurationPlatforms) = postSolution
		{62737180-AB0E-48CC-91A6-9189249FD776}.Debug|Any CPU.ActiveCfg = Debug|Any CPU
		{62737180-AB0E-48CC-91A6-9189249FD776}.Debug|Any CPU.Build.0 = Debug|Any CPU
		{62737180-AB0E-48CC-91A6-9189249FD776}.Release|Any CPU.ActiveCfg = Release|Any CPU
		{62737180-AB0E-48CC-91A6-9189249FD776}.Release|Any CPU.Build.0 = Release|Any CPU
	EndGlobalSection
	GlobalSection(SolutionProperties) = preSolution
		HideSolutionNode = FALSE
	EndGlobalSection
	GlobalSection(ExtensibilityGlobals) = postSolution
		SolutionGuid = {785578DF-B970-423B-B065-FC0166AE769B}
	EndGlobalSection
EndGlobal
